
Microsoft Visual Studio Solution File, Format Version 12.00
# Visual Studio Version 17
VisualStudioVersion = 17.5.33516.290
MinimumVisualStudioVersion = 10.0.40219.1
Project("{FAE04EC0-301F-11D3-BF4B-00C04F79EFBC}") = "random-web-api", "random-web-api\random-web-api.csproj", "{585E240F-3D3F-4BC6-BF71-5C5BC16642D9}"
EndProject
Project("{FAE04EC0-301F-11D3-BF4B-00C04F79EFBC}") = "random-web-apiTests", "random-web-apiTests\random-web-apiTests.csproj", "{623CD696-D3E6-41C4-984C-F413E85BA973}"
EndProject
Global
	GlobalSection(SolutionConfigurationPlatforms) = preSolution
		Debug|Any CPU = Debug|Any CPU
		Release|Any CPU = Release|Any CPU
	EndGlobalSection
	GlobalSection(ProjectConfigurationPlatforms) = postSolution
		{585E240F-3D3F-4BC6-BF71-5C5BC16642D9}.Debug|Any CPU.ActiveCfg = Debug|Any CPU
		{585E240F-3D3F-4BC6-BF71-5C5BC16642D9}.Debug|Any CPU.Build.0 = Debug|Any CPU
		{585E240F-3D3F-4BC6-BF71-5C5BC16642D9}.Release|Any CPU.ActiveCfg = Release|Any CPU
		{585E240F-3D3F-4BC6-BF71-5C5BC16642D9}.Release|Any CPU.Build.0 = Release|Any CPU
		{623CD696-D3E6-41C4-984C-F413E85BA973}.Debug|Any CPU.ActiveCfg = Debug|Any CPU
		{623CD696-D3E6-41C4-984C-F413E85BA973}.Debug|Any CPU.Build.0 = Debug|Any CPU
		{623CD696-D3E6-41C4-984C-F413E85BA973}.Release|Any CPU.ActiveCfg = Release|Any CPU
		{623CD696-D3E6-41C4-984C-F413E85BA973}.Release|Any CPU.Build.0 = Release|Any CPU
	EndGlobalSection
	GlobalSection(SolutionProperties) = preSolution
		HideSolutionNode = FALSE
	EndGlobalSection
	GlobalSection(ExtensibilityGlobals) = postSolution
		SolutionGuid = {02283CC9-0485-4A0B-BB84-F215B0F3821A}
	EndGlobalSection
EndGlobal
